
Microsoft Visual Studio Solution File, Format Version 12.00
Project("{FAE04EC0-301F-11D3-BF4B-00C04F79EFBC}") = "Task1-4", "Task1-4\Task1-4.csproj", "{78E3A0D7-4500-429C-9C90-DA6A139CA00C}"
EndProject
Project("{FAE04EC0-301F-11D3-BF4B-00C04F79EFBC}") = "Task1-5", "Task1-5\Task1-5.csproj", "{8CFD8096-96E8-4E81-A3E5-A871299B1EDF}"
EndProject
Project("{FAE04EC0-301F-11D3-BF4B-00C04F79EFBC}") = "Task1-1", "Task1-1\Task1-1.csproj", "{25C2344E-A244-4B9B-895E-E8CA51A1811B}"
EndProject
Project("{FAE04EC0-301F-11D3-BF4B-00C04F79EFBC}") = "Task1-2", "Task1-2\Task1-2.csproj", "{0795673D-AE85-429F-882F-6B685C1933E0}"
EndProject
Project("{FAE04EC0-301F-11D3-BF4B-00C04F79EFBC}") = "Task2-1", "Task2-1\Task2-1.csproj", "{24B9C1C7-2569-4B84-A63D-B0538ACDD9CB}"
EndProject
Project("{FAE04EC0-301F-11D3-BF4B-00C04F79EFBC}") = "Task2-2_common", "Task2-2_common\Task2-2_common.csproj", "{BDFEE2A7-1EA3-49D0-853C-AA947BEBBA1B}"
EndProject
Project("{FAE04EC0-301F-11D3-BF4B-00C04F79EFBC}") = "Task2-2_linq", "Task2-2_linq\Task2-2_linq.csproj", "{95CD243B-1E36-4C68-9FFA-5E58EDB1DDCD}"
EndProject
Project("{FAE04EC0-301F-11D3-BF4B-00C04F79EFBC}") = "Task3-5", "Task3-5\Task3-5.csproj", "{C1EAE4CC-598B-493F-A5D4-29A0DD417D48}"
EndProject
Project("{FAE04EC0-301F-11D3-BF4B-00C04F79EFBC}") = "Tst", "Tst\Tst.csproj", "{4962FF13-F211-4A9B-ACEF-55A72234A621}"
EndProject
Project("{FAE04EC0-301F-11D3-BF4B-00C04F79EFBC}") = "Tst2", "Tst2\Tst2.csproj", "{3C840AB1-6C47-4A8C-B668-B2CD360CB7BA}"
EndProject
Project("{FAE04EC0-301F-11D3-BF4B-00C04F79EFBC}") = "Task3-1", "Task3-1\Task3-1.csproj", "{619B14DF-10D6-4CB0-BA5E-5C5914210550}"
EndProject
Project("{FAE04EC0-301F-11D3-BF4B-00C04F79EFBC}") = "Task3-2", "Task3-2\Task3-2.csproj", "{C7B41650-425D-414A-BC3F-6ADBCC6DA564}"
EndProject
Project("{FAE04EC0-301F-11D3-BF4B-00C04F79EFBC}") = "Task3-6", "Task3-6\Task3-6.csproj", "{C3C8996F-9A22-4DAC-99D0-7243225D5FCF}"
EndProject
Project("{FAE04EC0-301F-11D3-BF4B-00C04F79EFBC}") = "Task3-3", "Task3-3\Task3-3.csproj", "{969CB064-FAAA-42E6-A409-88CEBE577D83}"
EndProject
Project("{FAE04EC0-301F-11D3-BF4B-00C04F79EFBC}") = "Task3-4", "Task3-4\Task3-4.csproj", "{FC9F0DD6-0A2C-4A48-A505-5BBEEF815FA4}"
EndProject
Project("{FAE04EC0-301F-11D3-BF4B-00C04F79EFBC}") = "Task4-1", "Task4-1\Task4-1.csproj", "{A9C0BB61-67C4-45F6-A6F7-51BD15A96DE0}"
EndProject
Project("{FAE04EC0-301F-11D3-BF4B-00C04F79EFBC}") = "Task4-2", "Task4-2\Task4-2.csproj", "{ED592058-5600-4267-8644-E900B6B82C5E}"
EndProject
Project("{FAE04EC0-301F-11D3-BF4B-00C04F79EFBC}") = "Task4-3", "Task4-3\Task4-3.csproj", "{C960A068-FDC0-4717-AF76-BF33061B7308}"
EndProject
Project("{FAE04EC0-301F-11D3-BF4B-00C04F79EFBC}") = "Task4-4", "Task4-4\Task4-4.csproj", "{AB7510CB-1955-4BC1-9CD2-DD7102FE8EE5}"
EndProject
Project("{FAE04EC0-301F-11D3-BF4B-00C04F79EFBC}") = "Task4-5", "Task4-5\Task4-5.csproj", "{488F5F3C-DC86-4CA2-BE23-6EADF2378732}"
EndProject
Project("{FAE04EC0-301F-11D3-BF4B-00C04F79EFBC}") = "Task5-1", "Task5-1\Task5-1.csproj", "{4316E86B-B07F-4553-AB9F-98E1F37A3EA9}"
EndProject
Project("{FAE04EC0-301F-11D3-BF4B-00C04F79EFBC}") = "Task5-2", "Task5-2\Task5-2.csproj", "{8256B85F-EC7D-44ED-ABDA-6130C2FA4B22}"
EndProject
Project("{FAE04EC0-301F-11D3-BF4B-00C04F79EFBC}") = "Task5-3", "Task5-3\Task5-3.csproj", "{52B254E4-B61E-4DBF-ACE4-F994E9853A22}"
EndProject
Project("{FAE04EC0-301F-11D3-BF4B-00C04F79EFBC}") = "Task5-4", "Task5-4\Task5-4.csproj", "{C5D3B37F-B0FA-4C26-9645-4C78970EDC79}"
EndProject
Project("{FAE04EC0-301F-11D3-BF4B-00C04F79EFBC}") = "Task5-5", "Task5-5\Task5-5.csproj", "{9536F8C9-5552-43EC-9D19-289B1D547292}"
EndProject
Project("{FAE04EC0-301F-11D3-BF4B-00C04F79EFBC}") = "Task5-4_Andrew", "Task5-4_Andrew\Task5-4_Andrew.csproj", "{A27B245D-EDBA-4938-B032-8CF5BAF67664}"
EndProject
Project("{FAE04EC0-301F-11D3-BF4B-00C04F79EFBC}") = "Task5-5_Andrew", "Task5-5_Andrew\Task5-5_Andrew.csproj", "{88CD2D6C-5A4B-452C-B942-8B6ACDA8A35E}"
EndProject
Global
	GlobalSection(SolutionConfigurationPlatforms) = preSolution
		Debug|Any CPU = Debug|Any CPU
		Release|Any CPU = Release|Any CPU
	EndGlobalSection
	GlobalSection(ProjectConfigurationPlatforms) = postSolution
		{78E3A0D7-4500-429C-9C90-DA6A139CA00C}.Debug|Any CPU.ActiveCfg = Debug|Any CPU
		{78E3A0D7-4500-429C-9C90-DA6A139CA00C}.Debug|Any CPU.Build.0 = Debug|Any CPU
		{78E3A0D7-4500-429C-9C90-DA6A139CA00C}.Release|Any CPU.ActiveCfg = Release|Any CPU
		{78E3A0D7-4500-429C-9C90-DA6A139CA00C}.Release|Any CPU.Build.0 = Release|Any CPU
		{8CFD8096-96E8-4E81-A3E5-A871299B1EDF}.Debug|Any CPU.ActiveCfg = Debug|Any CPU
		{8CFD8096-96E8-4E81-A3E5-A871299B1EDF}.Debug|Any CPU.Build.0 = Debug|Any CPU
		{8CFD8096-96E8-4E81-A3E5-A871299B1EDF}.Release|Any CPU.ActiveCfg = Release|Any CPU
		{8CFD8096-96E8-4E81-A3E5-A871299B1EDF}.Release|Any CPU.Build.0 = Release|Any CPU
		{25C2344E-A244-4B9B-895E-E8CA51A1811B}.Debug|Any CPU.ActiveCfg = Debug|Any CPU
		{25C2344E-A244-4B9B-895E-E8CA51A1811B}.Debug|Any CPU.Build.0 = Debug|Any CPU
		{25C2344E-A244-4B9B-895E-E8CA51A1811B}.Release|Any CPU.ActiveCfg = Release|Any CPU
		{25C2344E-A244-4B9B-895E-E8CA51A1811B}.Release|Any CPU.Build.0 = Release|Any CPU
		{0795673D-AE85-429F-882F-6B685C1933E0}.Debug|Any CPU.ActiveCfg = Debug|Any CPU
		{0795673D-AE85-429F-882F-6B685C1933E0}.Debug|Any CPU.Build.0 = Debug|Any CPU
		{0795673D-AE85-429F-882F-6B685C1933E0}.Release|Any CPU.ActiveCfg = Release|Any CPU
		{0795673D-AE85-429F-882F-6B685C1933E0}.Release|Any CPU.Build.0 = Release|Any CPU
		{24B9C1C7-2569-4B84-A63D-B0538ACDD9CB}.Debug|Any CPU.ActiveCfg = Debug|Any CPU
		{24B9C1C7-2569-4B84-A63D-B0538ACDD9CB}.Debug|Any CPU.Build.0 = Debug|Any CPU
		{24B9C1C7-2569-4B84-A63D-B0538ACDD9CB}.Release|Any CPU.ActiveCfg = Release|Any CPU
		{24B9C1C7-2569-4B84-A63D-B0538ACDD9CB}.Release|Any CPU.Build.0 = Release|Any CPU
		{BDFEE2A7-1EA3-49D0-853C-AA947BEBBA1B}.Debug|Any CPU.ActiveCfg = Debug|Any CPU
		{BDFEE2A7-1EA3-49D0-853C-AA947BEBBA1B}.Debug|Any CPU.Build.0 = Debug|Any CPU
		{BDFEE2A7-1EA3-49D0-853C-AA947BEBBA1B}.Release|Any CPU.ActiveCfg = Release|Any CPU
		{BDFEE2A7-1EA3-49D0-853C-AA947BEBBA1B}.Release|Any CPU.Build.0 = Release|Any CPU
		{95CD243B-1E36-4C68-9FFA-5E58EDB1DDCD}.Debug|Any CPU.ActiveCfg = Debug|Any CPU
		{95CD243B-1E36-4C68-9FFA-5E58EDB1DDCD}.Debug|Any CPU.Build.0 = Debug|Any CPU
		{95CD243B-1E36-4C68-9FFA-5E58EDB1DDCD}.Release|Any CPU.ActiveCfg = Release|Any CPU
		{95CD243B-1E36-4C68-9FFA-5E58EDB1DDCD}.Release|Any CPU.Build.0 = Release|Any CPU
		{C1EAE4CC-598B-493F-A5D4-29A0DD417D48}.Debug|Any CPU.ActiveCfg = Debug|Any CPU
		{C1EAE4CC-598B-493F-A5D4-29A0DD417D48}.Debug|Any CPU.Build.0 = Debug|Any CPU
		{C1EAE4CC-598B-493F-A5D4-29A0DD417D48}.Release|Any CPU.ActiveCfg = Release|Any CPU
		{C1EAE4CC-598B-493F-A5D4-29A0DD417D48}.Release|Any CPU.Build.0 = Release|Any CPU
		{4962FF13-F211-4A9B-ACEF-55A72234A621}.Debug|Any CPU.ActiveCfg = Debug|Any CPU
		{4962FF13-F211-4A9B-ACEF-55A72234A621}.Debug|Any CPU.Build.0 = Debug|Any CPU
		{4962FF13-F211-4A9B-ACEF-55A72234A621}.Release|Any CPU.ActiveCfg = Release|Any CPU
		{4962FF13-F211-4A9B-ACEF-55A72234A621}.Release|Any CPU.Build.0 = Release|Any CPU
		{3C840AB1-6C47-4A8C-B668-B2CD360CB7BA}.Debug|Any CPU.ActiveCfg = Debug|Any CPU
		{3C840AB1-6C47-4A8C-B668-B2CD360CB7BA}.Debug|Any CPU.Build.0 = Debug|Any CPU
		{3C840AB1-6C47-4A8C-B668-B2CD360CB7BA}.Release|Any CPU.ActiveCfg = Release|Any CPU
		{3C840AB1-6C47-4A8C-B668-B2CD360CB7BA}.Release|Any CPU.Build.0 = Release|Any CPU
		{619B14DF-10D6-4CB0-BA5E-5C5914210550}.Debug|Any CPU.ActiveCfg = Debug|Any CPU
		{619B14DF-10D6-4CB0-BA5E-5C5914210550}.Debug|Any CPU.Build.0 = Debug|Any CPU
		{619B14DF-10D6-4CB0-BA5E-5C5914210550}.Release|Any CPU.ActiveCfg = Release|Any CPU
		{619B14DF-10D6-4CB0-BA5E-5C5914210550}.Release|Any CPU.Build.0 = Release|Any CPU
		{C7B41650-425D-414A-BC3F-6ADBCC6DA564}.Debug|Any CPU.ActiveCfg = Debug|Any CPU
		{C7B41650-425D-414A-BC3F-6ADBCC6DA564}.Debug|Any CPU.Build.0 = Debug|Any CPU
		{C7B41650-425D-414A-BC3F-6ADBCC6DA564}.Release|Any CPU.ActiveCfg = Release|Any CPU
		{C7B41650-425D-414A-BC3F-6ADBCC6DA564}.Release|Any CPU.Build.0 = Release|Any CPU
		{C3C8996F-9A22-4DAC-99D0-7243225D5FCF}.Debug|Any CPU.ActiveCfg = Debug|Any CPU
		{C3C8996F-9A22-4DAC-99D0-7243225D5FCF}.Debug|Any CPU.Build.0 = Debug|Any CPU
		{C3C8996F-9A22-4DAC-99D0-7243225D5FCF}.Release|Any CPU.ActiveCfg = Release|Any CPU
		{C3C8996F-9A22-4DAC-99D0-7243225D5FCF}.Release|Any CPU.Build.0 = Release|Any CPU
		{969CB064-FAAA-42E6-A409-88CEBE577D83}.Debug|Any CPU.ActiveCfg = Debug|Any CPU
		{969CB064-FAAA-42E6-A409-88CEBE577D83}.Debug|Any CPU.Build.0 = Debug|Any CPU
		{969CB064-FAAA-42E6-A409-88CEBE577D83}.Release|Any CPU.ActiveCfg = Release|Any CPU
		{969CB064-FAAA-42E6-A409-88CEBE577D83}.Release|Any CPU.Build.0 = Release|Any CPU
		{FC9F0DD6-0A2C-4A48-A505-5BBEEF815FA4}.Debug|Any CPU.ActiveCfg = Debug|Any CPU
		{FC9F0DD6-0A2C-4A48-A505-5BBEEF815FA4}.Debug|Any CPU.Build.0 = Debug|Any CPU
		{FC9F0DD6-0A2C-4A48-A505-5BBEEF815FA4}.Release|Any CPU.ActiveCfg = Release|Any CPU
		{FC9F0DD6-0A2C-4A48-A505-5BBEEF815FA4}.Release|Any CPU.Build.0 = Release|Any CPU
		{A9C0BB61-67C4-45F6-A6F7-51BD15A96DE0}.Debug|Any CPU.ActiveCfg = Debug|Any CPU
		{A9C0BB61-67C4-45F6-A6F7-51BD15A96DE0}.Debug|Any CPU.Build.0 = Debug|Any CPU
		{A9C0BB61-67C4-45F6-A6F7-51BD15A96DE0}.Release|Any CPU.ActiveCfg = Release|Any CPU
		{A9C0BB61-67C4-45F6-A6F7-51BD15A96DE0}.Release|Any CPU.Build.0 = Release|Any CPU
		{ED592058-5600-4267-8644-E900B6B82C5E}.Debug|Any CPU.ActiveCfg = Debug|Any CPU
		{ED592058-5600-4267-8644-E900B6B82C5E}.Debug|Any CPU.Build.0 = Debug|Any CPU
		{ED592058-5600-4267-8644-E900B6B82C5E}.Release|Any CPU.ActiveCfg = Release|Any CPU
		{ED592058-5600-4267-8644-E900B6B82C5E}.Release|Any CPU.Build.0 = Release|Any CPU
		{C960A068-FDC0-4717-AF76-BF33061B7308}.Debug|Any CPU.ActiveCfg = Debug|Any CPU
		{C960A068-FDC0-4717-AF76-BF33061B7308}.Debug|Any CPU.Build.0 = Debug|Any CPU
		{C960A068-FDC0-4717-AF76-BF33061B7308}.Release|Any CPU.ActiveCfg = Release|Any CPU
		{C960A068-FDC0-4717-AF76-BF33061B7308}.Release|Any CPU.Build.0 = Release|Any CPU
		{AB7510CB-1955-4BC1-9CD2-DD7102FE8EE5}.Debug|Any CPU.ActiveCfg = Debug|Any CPU
		{AB7510CB-1955-4BC1-9CD2-DD7102FE8EE5}.Debug|Any CPU.Build.0 = Debug|Any CPU
		{AB7510CB-1955-4BC1-9CD2-DD7102FE8EE5}.Release|Any CPU.ActiveCfg = Release|Any CPU
		{AB7510CB-1955-4BC1-9CD2-DD7102FE8EE5}.Release|Any CPU.Build.0 = Release|Any CPU
		{488F5F3C-DC86-4CA2-BE23-6EADF2378732}.Debug|Any CPU.ActiveCfg = Debug|Any CPU
		{488F5F3C-DC86-4CA2-BE23-6EADF2378732}.Debug|Any CPU.Build.0 = Debug|Any CPU
		{488F5F3C-DC86-4CA2-BE23-6EADF2378732}.Release|Any CPU.ActiveCfg = Release|Any CPU
		{488F5F3C-DC86-4CA2-BE23-6EADF2378732}.Release|Any CPU.Build.0 = Release|Any CPU
		{4316E86B-B07F-4553-AB9F-98E1F37A3EA9}.Debug|Any CPU.ActiveCfg = Debug|Any CPU
		{4316E86B-B07F-4553-AB9F-98E1F37A3EA9}.Debug|Any CPU.Build.0 = Debug|Any CPU
		{4316E86B-B07F-4553-AB9F-98E1F37A3EA9}.Release|Any CPU.ActiveCfg = Release|Any CPU
		{4316E86B-B07F-4553-AB9F-98E1F37A3EA9}.Release|Any CPU.Build.0 = Release|Any CPU
		{8256B85F-EC7D-44ED-ABDA-6130C2FA4B22}.Debug|Any CPU.ActiveCfg = Debug|Any CPU
		{8256B85F-EC7D-44ED-ABDA-6130C2FA4B22}.Debug|Any CPU.Build.0 = Debug|Any CPU
		{8256B85F-EC7D-44ED-ABDA-6130C2FA4B22}.Release|Any CPU.ActiveCfg = Release|Any CPU
		{8256B85F-EC7D-44ED-ABDA-6130C2FA4B22}.Release|Any CPU.Build.0 = Release|Any CPU
		{52B254E4-B61E-4DBF-ACE4-F994E9853A22}.Debug|Any CPU.ActiveCfg = Debug|Any CPU
		{52B254E4-B61E-4DBF-ACE4-F994E9853A22}.Debug|Any CPU.Build.0 = Debug|Any CPU
		{52B254E4-B61E-4DBF-ACE4-F994E9853A22}.Release|Any CPU.ActiveCfg = Release|Any CPU
		{52B254E4-B61E-4DBF-ACE4-F994E9853A22}.Release|Any CPU.Build.0 = Release|Any CPU
		{C5D3B37F-B0FA-4C26-9645-4C78970EDC79}.Debug|Any CPU.ActiveCfg = Debug|Any CPU
		{C5D3B37F-B0FA-4C26-9645-4C78970EDC79}.Debug|Any CPU.Build.0 = Debug|Any CPU
		{C5D3B37F-B0FA-4C26-9645-4C78970EDC79}.Release|Any CPU.ActiveCfg = Release|Any CPU
		{C5D3B37F-B0FA-4C26-9645-4C78970EDC79}.Release|Any CPU.Build.0 = Release|Any CPU
		{9536F8C9-5552-43EC-9D19-289B1D547292}.Debug|Any CPU.ActiveCfg = Debug|Any CPU
		{9536F8C9-5552-43EC-9D19-289B1D547292}.Debug|Any CPU.Build.0 = Debug|Any CPU
		{9536F8C9-5552-43EC-9D19-289B1D547292}.Release|Any CPU.ActiveCfg = Release|Any CPU
		{9536F8C9-5552-43EC-9D19-289B1D547292}.Release|Any CPU.Build.0 = Release|Any CPU
		{A27B245D-EDBA-4938-B032-8CF5BAF67664}.Debug|Any CPU.ActiveCfg = Debug|Any CPU
		{A27B245D-EDBA-4938-B032-8CF5BAF67664}.Debug|Any CPU.Build.0 = Debug|Any CPU
		{A27B245D-EDBA-4938-B032-8CF5BAF67664}.Release|Any CPU.ActiveCfg = Release|Any CPU
		{A27B245D-EDBA-4938-B032-8CF5BAF67664}.Release|Any CPU.Build.0 = Release|Any CPU
		{88CD2D6C-5A4B-452C-B942-8B6ACDA8A35E}.Debug|Any CPU.ActiveCfg = Debug|Any CPU
		{88CD2D6C-5A4B-452C-B942-8B6ACDA8A35E}.Debug|Any CPU.Build.0 = Debug|Any CPU
		{88CD2D6C-5A4B-452C-B942-8B6ACDA8A35E}.Release|Any CPU.ActiveCfg = Release|Any CPU
		{88CD2D6C-5A4B-452C-B942-8B6ACDA8A35E}.Release|Any CPU.Build.0 = Release|Any CPU
	EndGlobalSection
EndGlobal
