
Microsoft Visual Studio Solution File, Format Version 12.00
Project("{FAE04EC0-301F-11D3-BF4B-00C04F79EFBC}") = "Task1-4", "Task1-4\Task1-4.csproj", "{78E3A0D7-4500-429C-9C90-DA6A139CA00C}"
EndProject
Project("{FAE04EC0-301F-11D3-BF4B-00C04F79EFBC}") = "Task1-5", "Task1-5\Task1-5.csproj", "{8CFD8096-96E8-4E81-A3E5-A871299B1EDF}"
EndProject
Project("{FAE04EC0-301F-11D3-BF4B-00C04F79EFBC}") = "Task2-2", "Task2-2\Task2-2.csproj", "{7795AB10-0A41-4E4A-B22E-89291082645D}"
EndProject
Project("{FAE04EC0-301F-11D3-BF4B-00C04F79EFBC}") = "Task1-1", "Task1-1\Task1-1.csproj", "{25C2344E-A244-4B9B-895E-E8CA51A1811B}"
EndProject
Project("{FAE04EC0-301F-11D3-BF4B-00C04F79EFBC}") = "Task1-2", "Task1-2\Task1-2.csproj", "{0795673D-AE85-429F-882F-6B685C1933E0}"
EndProject
Global
	GlobalSection(SolutionConfigurationPlatforms) = preSolution
		Debug|Any CPU = Debug|Any CPU
		Release|Any CPU = Release|Any CPU
	EndGlobalSection
	GlobalSection(ProjectConfigurationPlatforms) = postSolution
		{78E3A0D7-4500-429C-9C90-DA6A139CA00C}.Debug|Any CPU.ActiveCfg = Debug|Any CPU
		{78E3A0D7-4500-429C-9C90-DA6A139CA00C}.Debug|Any CPU.Build.0 = Debug|Any CPU
		{78E3A0D7-4500-429C-9C90-DA6A139CA00C}.Release|Any CPU.ActiveCfg = Release|Any CPU
		{78E3A0D7-4500-429C-9C90-DA6A139CA00C}.Release|Any CPU.Build.0 = Release|Any CPU
		{8CFD8096-96E8-4E81-A3E5-A871299B1EDF}.Debug|Any CPU.ActiveCfg = Debug|Any CPU
		{8CFD8096-96E8-4E81-A3E5-A871299B1EDF}.Debug|Any CPU.Build.0 = Debug|Any CPU
		{8CFD8096-96E8-4E81-A3E5-A871299B1EDF}.Release|Any CPU.ActiveCfg = Release|Any CPU
		{8CFD8096-96E8-4E81-A3E5-A871299B1EDF}.Release|Any CPU.Build.0 = Release|Any CPU
		{7795AB10-0A41-4E4A-B22E-89291082645D}.Debug|Any CPU.ActiveCfg = Debug|Any CPU
		{7795AB10-0A41-4E4A-B22E-89291082645D}.Debug|Any CPU.Build.0 = Debug|Any CPU
		{7795AB10-0A41-4E4A-B22E-89291082645D}.Release|Any CPU.ActiveCfg = Release|Any CPU
		{7795AB10-0A41-4E4A-B22E-89291082645D}.Release|Any CPU.Build.0 = Release|Any CPU
		{25C2344E-A244-4B9B-895E-E8CA51A1811B}.Debug|Any CPU.ActiveCfg = Debug|Any CPU
		{25C2344E-A244-4B9B-895E-E8CA51A1811B}.Debug|Any CPU.Build.0 = Debug|Any CPU
		{25C2344E-A244-4B9B-895E-E8CA51A1811B}.Release|Any CPU.ActiveCfg = Release|Any CPU
		{25C2344E-A244-4B9B-895E-E8CA51A1811B}.Release|Any CPU.Build.0 = Release|Any CPU
		{0795673D-AE85-429F-882F-6B685C1933E0}.Debug|Any CPU.ActiveCfg = Debug|Any CPU
		{0795673D-AE85-429F-882F-6B685C1933E0}.Debug|Any CPU.Build.0 = Debug|Any CPU
		{0795673D-AE85-429F-882F-6B685C1933E0}.Release|Any CPU.ActiveCfg = Release|Any CPU
		{0795673D-AE85-429F-882F-6B685C1933E0}.Release|Any CPU.Build.0 = Release|Any CPU
	EndGlobalSection
EndGlobal
